
Microsoft Visual Studio Solution File, Format Version 12.00
# Visual Studio Version 17
VisualStudioVersion = 17.10.35122.118
MinimumVisualStudioVersion = 10.0.40219.1
Project("{9A19103F-16F7-4668-BE54-9A1E7A4F7556}") = "StudentSearchSystem", "StudentSearchSystem.csproj", "{707EA71F-DFC5-43FA-9580-9806915048D4}"
EndProject
Project("{FAE04EC0-301F-11D3-BF4B-00C04F79EFBC}") = "GrocerryStore", "..\GrocerryStore\GrocerryStore.csproj", "{46DF4CCD-E7E0-42F5-AE80-CA9B89424A32}"
EndProject
Global
	GlobalSection(SolutionConfigurationPlatforms) = preSolution
		Debug|Any CPU = Debug|Any CPU
		Release|Any CPU = Release|Any CPU
	EndGlobalSection
	GlobalSection(ProjectConfigurationPlatforms) = postSolution
		{707EA71F-DFC5-43FA-9580-9806915048D4}.Debug|Any CPU.ActiveCfg = Debug|Any CPU
		{707EA71F-DFC5-43FA-9580-9806915048D4}.Debug|Any CPU.Build.0 = Debug|Any CPU
		{707EA71F-DFC5-43FA-9580-9806915048D4}.Release|Any CPU.ActiveCfg = Release|Any CPU
		{707EA71F-DFC5-43FA-9580-9806915048D4}.Release|Any CPU.Build.0 = Release|Any CPU
		{46DF4CCD-E7E0-42F5-AE80-CA9B89424A32}.Debug|Any CPU.ActiveCfg = Debug|Any CPU
		{46DF4CCD-E7E0-42F5-AE80-CA9B89424A32}.Debug|Any CPU.Build.0 = Debug|Any CPU
		{46DF4CCD-E7E0-42F5-AE80-CA9B89424A32}.Release|Any CPU.ActiveCfg = Release|Any CPU
		{46DF4CCD-E7E0-42F5-AE80-CA9B89424A32}.Release|Any CPU.Build.0 = Release|Any CPU
	EndGlobalSection
	GlobalSection(SolutionProperties) = preSolution
		HideSolutionNode = FALSE
	EndGlobalSection
	GlobalSection(ExtensibilityGlobals) = postSolution
		SolutionGuid = {380CF3CF-FBDC-4CA5-B748-AB99ACFDE845}
	EndGlobalSection
EndGlobal
